PODS:
  - LookinServer (1.0.4)
  - Masonry (1.1.0)

DEPENDENCIES:
  - LookinServer
  - Masonry

SPEC REPOS:
  trunk:
    - LookinServer
    - Masonry

SPEC CHECKSUMS:
  LookinServer: 743c1681771d0a8dcc38825325a080c3186404a5
  Masonry: 678fab65091a9290e40e2832a55e7ab731aad201

PODFILE CHECKSUM: e949aa270b27d4d13da184dde673b55e45364565

COCOAPODS: 1.10.2
